
Microsoft Visual Studio Solution File, Format Version 12.00
# Visual Studio Version 16
VisualStudioVersion = 16.0.31613.86
MinimumVisualStudioVersion = 10.0.40219.1
Project("{9A19103F-16F7-4668-BE54-9A1E7A4F7556}") = "CoreProject1.0", "CoreProject1.0.csproj", "{312A221F-FF36-4BD4-B3F9-54FF4BD3014B}"
EndProject
Project("{FAE04EC0-301F-11D3-BF4B-00C04F79EFBC}") = "nUnitTest", "..\nUnitTest\nUnitTest.csproj", "{8EB34705-5C89-4BF1-AB8F-9B52034E0E5F}"
EndProject
Global
	GlobalSection(SolutionConfigurationPlatforms) = preSolution
		Debug|Any CPU = Debug|Any CPU
		Release|Any CPU = Release|Any CPU
	EndGlobalSection
	GlobalSection(ProjectConfigurationPlatforms) = postSolution
		{312A221F-FF36-4BD4-B3F9-54FF4BD3014B}.Debug|Any CPU.ActiveCfg = Debug|Any CPU
		{312A221F-FF36-4BD4-B3F9-54FF4BD3014B}.Debug|Any CPU.Build.0 = Debug|Any CPU
		{312A221F-FF36-4BD4-B3F9-54FF4BD3014B}.Release|Any CPU.ActiveCfg = Release|Any CPU
		{312A221F-FF36-4BD4-B3F9-54FF4BD3014B}.Release|Any CPU.Build.0 = Release|Any CPU
		{8EB34705-5C89-4BF1-AB8F-9B52034E0E5F}.Debug|Any CPU.ActiveCfg = Debug|Any CPU
		{8EB34705-5C89-4BF1-AB8F-9B52034E0E5F}.Debug|Any CPU.Build.0 = Debug|Any CPU
		{8EB34705-5C89-4BF1-AB8F-9B52034E0E5F}.Release|Any CPU.ActiveCfg = Release|Any CPU
		{8EB34705-5C89-4BF1-AB8F-9B52034E0E5F}.Release|Any CPU.Build.0 = Release|Any CPU
	EndGlobalSection
	GlobalSection(SolutionProperties) = preSolution
		HideSolutionNode = FALSE
	EndGlobalSection
	GlobalSection(ExtensibilityGlobals) = postSolution
		SolutionGuid = {83D8152B-4CF5-477F-85DC-6A8C7A6AD95F}
	EndGlobalSection
EndGlobal
